
Microsoft Visual Studio Solution File, Format Version 12.00
# Visual Studio Version 17
VisualStudioVersion = 17.4.33213.308
MinimumVisualStudioVersion = 10.0.40219.1
Project("{FAE04EC0-301F-11D3-BF4B-00C04F79EFBC}") = "WebApplication1", "WebApplication1\WebApplication1.csproj", "{BACDF9B9-6976-4E30-9C92-BFCECE3437DB}"
EndProject
Project("{FAE04EC0-301F-11D3-BF4B-00C04F79EFBC}") = "Modelos", "Modelos\Modelos.csproj", "{E957A4E4-A1C0-44B9-AC72-66743D165C34}"
EndProject
Project("{FAE04EC0-301F-11D3-BF4B-00C04F79EFBC}") = "Datos", "Datos\Datos.csproj", "{548F3612-5C6E-4FA7-A5A5-266A442B6C58}"
EndProject
Global
	GlobalSection(SolutionConfigurationPlatforms) = preSolution
		Debug|Any CPU = Debug|Any CPU
		Release|Any CPU = Release|Any CPU
	EndGlobalSection
	GlobalSection(ProjectConfigurationPlatforms) = postSolution
		{BACDF9B9-6976-4E30-9C92-BFCECE3437DB}.Debug|Any CPU.ActiveCfg = Debug|Any CPU
		{BACDF9B9-6976-4E30-9C92-BFCECE3437DB}.Debug|Any CPU.Build.0 = Debug|Any CPU
		{BACDF9B9-6976-4E30-9C92-BFCECE3437DB}.Release|Any CPU.ActiveCfg = Release|Any CPU
		{BACDF9B9-6976-4E30-9C92-BFCECE3437DB}.Release|Any CPU.Build.0 = Release|Any CPU
		{E957A4E4-A1C0-44B9-AC72-66743D165C34}.Debug|Any CPU.ActiveCfg = Debug|Any CPU
		{E957A4E4-A1C0-44B9-AC72-66743D165C34}.Debug|Any CPU.Build.0 = Debug|Any CPU
		{E957A4E4-A1C0-44B9-AC72-66743D165C34}.Release|Any CPU.ActiveCfg = Release|Any CPU
		{E957A4E4-A1C0-44B9-AC72-66743D165C34}.Release|Any CPU.Build.0 = Release|Any CPU
		{548F3612-5C6E-4FA7-A5A5-266A442B6C58}.Debug|Any CPU.ActiveCfg = Debug|Any CPU
		{548F3612-5C6E-4FA7-A5A5-266A442B6C58}.Debug|Any CPU.Build.0 = Debug|Any CPU
		{548F3612-5C6E-4FA7-A5A5-266A442B6C58}.Release|Any CPU.ActiveCfg = Release|Any CPU
		{548F3612-5C6E-4FA7-A5A5-266A442B6C58}.Release|Any CPU.Build.0 = Release|Any CPU
	EndGlobalSection
	GlobalSection(SolutionProperties) = preSolution
		HideSolutionNode = FALSE
	EndGlobalSection
	GlobalSection(ExtensibilityGlobals) = postSolution
		SolutionGuid = {4A35E77C-7A2F-468E-8CF4-2F1B15932572}
	EndGlobalSection
EndGlobal
